{
  "name": "homebridge-dummy-cmd-switch",
  "version": "0.1.1",
  "lockfileVersion": 3,
  "requires": true,
  "packages": {
    "": {
      "name": "homebridge-dummy-cmd-switch",
      "version": "0.1.1",
      "engines": {
        "homebridge": "^1.8.0 || ^2.0.0-beta.0",
        "node": "^18.20.4 || ^20.15.1 || ^22"
      }
    }
  }
}
